
Microsoft Visual Studio Solution File, Format Version 12.00
# Visual Studio Version 16
VisualStudioVersion = 16.0.28803.202
MinimumVisualStudioVersion = 10.0.40219.1
Project("{FAE04EC0-301F-11D3-BF4B-00C04F79EFBC}") = "PokemonMoveScraping", "PokemonMoveScraping\PokemonMoveScraping.csproj", "{625ADCEC-BBD1-4B81-A879-4E3A928CB6BE}"
EndProject
Global
	GlobalSection(SolutionConfigurationPlatforms) = preSolution
		Debug|Any CPU = Debug|Any CPU
		Release|Any CPU = Release|Any CPU
	EndGlobalSection
	GlobalSection(ProjectConfigurationPlatforms) = postSolution
		{625ADCEC-BBD1-4B81-A879-4E3A928CB6BE}.Debug|Any CPU.ActiveCfg = Debug|Any CPU
		{625ADCEC-BBD1-4B81-A879-4E3A928CB6BE}.Debug|Any CPU.Build.0 = Debug|Any CPU
		{625ADCEC-BBD1-4B81-A879-4E3A928CB6BE}.Release|Any CPU.ActiveCfg = Release|Any CPU
		{625ADCEC-BBD1-4B81-A879-4E3A928CB6BE}.Release|Any CPU.Build.0 = Release|Any CPU
	EndGlobalSection
	GlobalSection(SolutionProperties) = preSolution
		HideSolutionNode = FALSE
	EndGlobalSection
	GlobalSection(ExtensibilityGlobals) = postSolution
		SolutionGuid = {B0CC725B-23C8-4E6A-96B5-9EB58B645953}
	EndGlobalSection
EndGlobal
